
Microsoft Visual Studio Solution File, Format Version 12.00
# Visual Studio Version 17
VisualStudioVersion = 17.12.35527.113
MinimumVisualStudioVersion = 10.0.40219.1
Project("{FAE04EC0-301F-11D3-BF4B-00C04F79EFBC}") = "MarcadorPontos", "MarcadorPontos\MarcadorPontos.csproj", "{C7B93269-E25C-4EBD-847A-EEF881D515AA}"
EndProject
Project("{2150E333-8FDC-42A3-9474-1A3956D46DE8}") = "1 - Presentation", "1 - Presentation", "{06781604-44AA-44CC-939A-E8270F0B37B5}"
EndProject
Project("{2150E333-8FDC-42A3-9474-1A3956D46DE8}") = "2 - Application", "2 - Application", "{ADF2BDC0-8E49-4C04-B1E4-EA3EC7692D90}"
EndProject
Project("{2150E333-8FDC-42A3-9474-1A3956D46DE8}") = "4 - Repository", "4 - Repository", "{6A7D490C-ABA1-4CC6-B92B-69ACA4A78C06}"
EndProject
Project("{FAE04EC0-301F-11D3-BF4B-00C04F79EFBC}") = "Application", "Application\Application.csproj", "{DB230520-0671-49E9-BACA-853F0E3E5920}"
EndProject
Project("{2150E333-8FDC-42A3-9474-1A3956D46DE8}") = "3 - Domain", "3 - Domain", "{251DB1C2-1EB0-4112-AD35-7B6C5F82E279}"
EndProject
Project("{FAE04EC0-301F-11D3-BF4B-00C04F79EFBC}") = "Domain", "Domain\Domain.csproj", "{0B3CB4B5-A7D4-48B5-9E6C-6ED0304C940B}"
EndProject
Project("{FAE04EC0-301F-11D3-BF4B-00C04F79EFBC}") = "Service", "Service\Service.csproj", "{201143BA-180B-455B-A7F6-A11FD94AF583}"
EndProject
Project("{FAE04EC0-301F-11D3-BF4B-00C04F79EFBC}") = "Test", "Test\Test.csproj", "{F8797B68-681D-4D3F-906B-030CA6D153CD}"
EndProject
Project("{FAE04EC0-301F-11D3-BF4B-00C04F79EFBC}") = "IoC", "IoC\IoC.csproj", "{F678E6B7-27C8-4083-B4BC-D9889E0DCB9E}"
EndProject
Project("{FAE04EC0-301F-11D3-BF4B-00C04F79EFBC}") = "Repository", "Repository\Repository.csproj", "{3CE4EBC1-3E96-4B5C-944E-980D130FCF27}"
EndProject
Global
	GlobalSection(SolutionConfigurationPlatforms) = preSolution
		Debug|Any CPU = Debug|Any CPU
		Release|Any CPU = Release|Any CPU
	EndGlobalSection
	GlobalSection(ProjectConfigurationPlatforms) = postSolution
		{C7B93269-E25C-4EBD-847A-EEF881D515AA}.Debug|Any CPU.ActiveCfg = Debug|Any CPU
		{C7B93269-E25C-4EBD-847A-EEF881D515AA}.Debug|Any CPU.Build.0 = Debug|Any CPU
		{C7B93269-E25C-4EBD-847A-EEF881D515AA}.Release|Any CPU.ActiveCfg = Release|Any CPU
		{C7B93269-E25C-4EBD-847A-EEF881D515AA}.Release|Any CPU.Build.0 = Release|Any CPU
		{DB230520-0671-49E9-BACA-853F0E3E5920}.Debug|Any CPU.ActiveCfg = Debug|Any CPU
		{DB230520-0671-49E9-BACA-853F0E3E5920}.Debug|Any CPU.Build.0 = Debug|Any CPU
		{DB230520-0671-49E9-BACA-853F0E3E5920}.Release|Any CPU.ActiveCfg = Release|Any CPU
		{DB230520-0671-49E9-BACA-853F0E3E5920}.Release|Any CPU.Build.0 = Release|Any CPU
		{0B3CB4B5-A7D4-48B5-9E6C-6ED0304C940B}.Debug|Any CPU.ActiveCfg = Debug|Any CPU
		{0B3CB4B5-A7D4-48B5-9E6C-6ED0304C940B}.Debug|Any CPU.Build.0 = Debug|Any CPU
		{0B3CB4B5-A7D4-48B5-9E6C-6ED0304C940B}.Release|Any CPU.ActiveCfg = Release|Any CPU
		{0B3CB4B5-A7D4-48B5-9E6C-6ED0304C940B}.Release|Any CPU.Build.0 = Release|Any CPU
		{201143BA-180B-455B-A7F6-A11FD94AF583}.Debug|Any CPU.ActiveCfg = Debug|Any CPU
		{201143BA-180B-455B-A7F6-A11FD94AF583}.Debug|Any CPU.Build.0 = Debug|Any CPU
		{201143BA-180B-455B-A7F6-A11FD94AF583}.Release|Any CPU.ActiveCfg = Release|Any CPU
		{201143BA-180B-455B-A7F6-A11FD94AF583}.Release|Any CPU.Build.0 = Release|Any CPU
		{F8797B68-681D-4D3F-906B-030CA6D153CD}.Debug|Any CPU.ActiveCfg = Debug|Any CPU
		{F8797B68-681D-4D3F-906B-030CA6D153CD}.Debug|Any CPU.Build.0 = Debug|Any CPU
		{F8797B68-681D-4D3F-906B-030CA6D153CD}.Release|Any CPU.ActiveCfg = Release|Any CPU
		{F8797B68-681D-4D3F-906B-030CA6D153CD}.Release|Any CPU.Build.0 = Release|Any CPU
		{F678E6B7-27C8-4083-B4BC-D9889E0DCB9E}.Debug|Any CPU.ActiveCfg = Debug|Any CPU
		{F678E6B7-27C8-4083-B4BC-D9889E0DCB9E}.Debug|Any CPU.Build.0 = Debug|Any CPU
		{F678E6B7-27C8-4083-B4BC-D9889E0DCB9E}.Release|Any CPU.ActiveCfg = Release|Any CPU
		{F678E6B7-27C8-4083-B4BC-D9889E0DCB9E}.Release|Any CPU.Build.0 = Release|Any CPU
		{3CE4EBC1-3E96-4B5C-944E-980D130FCF27}.Debug|Any CPU.ActiveCfg = Debug|Any CPU
		{3CE4EBC1-3E96-4B5C-944E-980D130FCF27}.Debug|Any CPU.Build.0 = Debug|Any CPU
		{3CE4EBC1-3E96-4B5C-944E-980D130FCF27}.Release|Any CPU.ActiveCfg = Release|Any CPU
		{3CE4EBC1-3E96-4B5C-944E-980D130FCF27}.Release|Any CPU.Build.0 = Release|Any CPU
	EndGlobalSection
	GlobalSection(SolutionProperties) = preSolution
		HideSolutionNode = FALSE
	EndGlobalSection
	GlobalSection(NestedProjects) = preSolution
		{C7B93269-E25C-4EBD-847A-EEF881D515AA} = {06781604-44AA-44CC-939A-E8270F0B37B5}
		{DB230520-0671-49E9-BACA-853F0E3E5920} = {ADF2BDC0-8E49-4C04-B1E4-EA3EC7692D90}
		{0B3CB4B5-A7D4-48B5-9E6C-6ED0304C940B} = {251DB1C2-1EB0-4112-AD35-7B6C5F82E279}
		{201143BA-180B-455B-A7F6-A11FD94AF583} = {251DB1C2-1EB0-4112-AD35-7B6C5F82E279}
		{F8797B68-681D-4D3F-906B-030CA6D153CD} = {251DB1C2-1EB0-4112-AD35-7B6C5F82E279}
		{F678E6B7-27C8-4083-B4BC-D9889E0DCB9E} = {6A7D490C-ABA1-4CC6-B92B-69ACA4A78C06}
		{3CE4EBC1-3E96-4B5C-944E-980D130FCF27} = {6A7D490C-ABA1-4CC6-B92B-69ACA4A78C06}
	EndGlobalSection
EndGlobal
